// !$*UTF8*$!
{
	archiveVersion = 1;
	classes = {
	};
	objectVersion = 56;
	objects = {

/* Begin PBXBuildFile section */
		1A1111111111111111110001 /* AppDelegate.swift in Sources */ = {isa = PBXBuildFile; fileRef = 1A2222222222222222220001 /* AppDelegate.swift */; };
		1A1111111111111111110002 /* DemoViewController.swift in Sources */ = {isa = PBXBuildFile; fileRef = 1A2222222222222222220002 /* DemoViewController.swift */; };
		1A1111111111111111110003 /* HEImagePackage in Frameworks */ = {isa = PBXBuildFile; productRef = 1A9999999999999999990002 /* HEImagePackage */; };
/* End PBXBuildFile section */

/* Begin PBXFileReference section */
		1A2222222222222222220001 /* AppDelegate.swift */ = {isa = PBXFileReference; lastKnownFileType = sourcecode.swift; path = AppDelegate.swift; sourceTree = "<group>"; };
		1A2222222222222222220002 /* DemoViewController.swift */ = {isa = PBXFileReference; lastKnownFileType = sourcecode.swift; path = DemoViewController.swift; sourceTree = "<group>"; };
		1A2222222222222222220003 /* HEImageEditorDemo.app */ = {isa = PBXFileReference; explicitFileType = wrapper.application; includeInIndex = 0; path = HEImageEditorDemo.app; sourceTree = BUILT_PRODUCTS_DIR; };
/* End PBXFileReference section */

/* Begin PBXFrameworksBuildPhase section */
		1A6666666666666666660002 /* Frameworks */ = {
			isa = PBXFrameworksBuildPhase;
			buildActionMask = 2147483647;
			files = (
				1A1111111111111111110003 /* HEImagePackage in Frameworks */,
			);
			runOnlyForDeploymentPostprocessing = 0;
		};
/* End PBXFrameworksBuildPhase section */

/* Begin PBXGroup section */
		1A3333333333333333330001 = {
			isa = PBXGroup;
			children = (
				1A3333333333333333330002 /* HEImageEditorDemo */,
				1A3333333333333333330003 /* Products */,
			);
			sourceTree = "<group>";
		};
		1A3333333333333333330002 /* HEImageEditorDemo */ = {
			isa = PBXGroup;
			children = (
				1A2222222222222222220001 /* AppDelegate.swift */,
				1A2222222222222222220002 /* DemoViewController.swift */,
			);
			path = HEImageEditorDemo;
			sourceTree = "<group>";
		};
		1A3333333333333333330003 /* Products */ = {
			isa = PBXGroup;
			children = (
				1A2222222222222222220003 /* HEImageEditorDemo.app */,
			);
			name = Products;
			sourceTree = "<group>";
		};
/* End PBXGroup section */

/* Begin PBXNativeTarget section */
		1A4444444444444444440001 /* HEImageEditorDemo */ = {
			isa = PBXNativeTarget;
			buildConfigurationList = 1A7777777777777777770002 /* Build configuration list for PBXNativeTarget "HEImageEditorDemo" */;
			buildPhases = (
				1A6666666666666666660001 /* Sources */,
				1A6666666666666666660002 /* Frameworks */,
				1A6666666666666666660003 /* Resources */,
			);
			buildRules = (
			);
			dependencies = (
			);
			name = HEImageEditorDemo;
			packageProductDependencies = (
				1A9999999999999999990002 /* HEImagePackage */,
			);
			productName = HEImageEditorDemo;
			productReference = 1A2222222222222222220003 /* HEImageEditorDemo.app */;
			productType = "com.apple.product-type.application";
		};
/* End PBXNativeTarget section */

/* Begin PBXProject section */
		1A5555555555555555550001 /* Project object */ = {
			isa = PBXProject;
			attributes = {
				BuildIndependentTargetsInParallel = 1;
				LastSwiftUpdateCheck = 1700;
				LastUpgradeCheck = 1700;
				TargetAttributes = {
					1A4444444444444444440001 = {
						CreatedOnToolsVersion = 17.0;
					};
				};
			};
			buildConfigurationList = 1A7777777777777777770001 /* Build configuration list for PBXProject "HEImageEditorDemo" */;
			compatibilityVersion = "Xcode 14.0";
			developmentRegion = en;
			hasScannedForEncodings = 0;
			knownRegions = (
				en,
				Base,
			);
			mainGroup = 1A3333333333333333330001;
			packageReferences = (
				1A9999999999999999990001 /* XCLocalSwiftPackageReference "HEImageEditor" */,
			);
			productRefGroup = 1A3333333333333333330003 /* Products */;
			projectDirPath = "";
			projectRoot = "";
			targets = (
				1A4444444444444444440001 /* HEImageEditorDemo */,
			);
		};
/* End PBXProject section */

/* Begin PBXResourcesBuildPhase section */
		1A6666666666666666660003 /* Resources */ = {
			isa = PBXResourcesBuildPhase;
			buildActionMask = 2147483647;
			files = (
			);
			runOnlyForDeploymentPostprocessing = 0;
		};
/* End PBXResourcesBuildPhase section */

/* Begin PBXSourcesBuildPhase section */
		1A6666666666666666660001 /* Sources */ = {
			isa = PBXSourcesBuildPhase;
			buildActionMask = 2147483647;
			files = (
				1A1111111111111111110002 /* DemoViewController.swift in Sources */,
				1A1111111111111111110001 /* AppDelegate.swift in Sources */,
			);
			runOnlyForDeploymentPostprocessing = 0;
		};
/* End PBXSourcesBuildPhase section */

/* Begin XCBuildConfiguration section */
		1A8888888888888888880001 /* Debug */ = {
			isa = XCBuildConfiguration;
			buildSettings = {
				ALWAYS_SEARCH_USER_PATHS = NO;
				CLANG_ANALYZER_NONNULL = YES;
				CLANG_ENABLE_MODULES = YES;
				CLANG_ENABLE_OBJC_ARC = YES;
				CLANG_WARN_BOOL_CONVERSION = YES;
				CLANG_WARN_DOCUMENTATION_COMMENTS = YES;
				CLANG_WARN_UNREACHABLE_CODE = YES;
				COPY_PHASE_STRIP = NO;
				DEBUG_INFORMATION_FORMAT = dwarf;
				ENABLE_STRICT_OBJC_MSGSEND = YES;
				ENABLE_TESTABILITY = YES;
				GCC_C_LANGUAGE_STANDARD = gnu17;
				GCC_DYNAMIC_NO_PIC = NO;
				GCC_NO_COMMON_BLOCKS = YES;
				GCC_OPTIMIZATION_LEVEL = 0;
				GCC_PREPROCESSOR_DEFINITIONS = (
					"DEBUG=1",
					"$(inherited)",
				);
				MTL_ENABLE_DEBUG_INFO = INCLUDE_SOURCE;
				MTL_FAST_MATH = YES;
				ONLY_ACTIVE_ARCH = YES;
				SWIFT_ACTIVE_COMPILATION_CONDITIONS = DEBUG;
				SWIFT_OPTIMIZATION_LEVEL = "-Onone";
			};
			name = Debug;
		};
		1A8888888888888888880002 /* Release */ = {
			isa = XCBuildConfiguration;
			buildSettings = {
				ALWAYS_SEARCH_USER_PATHS = NO;
				CLANG_ANALYZER_NONNULL = YES;
				CLANG_ENABLE_MODULES = YES;
				CLANG_ENABLE_OBJC_ARC = YES;
				CLANG_WARN_BOOL_CONVERSION = YES;
				CLANG_WARN_DOCUMENTATION_COMMENTS = YES;
				CLANG_WARN_UNREACHABLE_CODE = YES;
				COPY_PHASE_STRIP = NO;
				DEBUG_INFORMATION_FORMAT = "dwarf-with-dsym";
				ENABLE_NS_ASSERTIONS = NO;
				ENABLE_STRICT_OBJC_MSGSEND = YES;
				GCC_C_LANGUAGE_STANDARD = gnu17;
				GCC_NO_COMMON_BLOCKS = YES;
				MTL_ENABLE_DEBUG_INFO = NO;
				MTL_FAST_MATH = YES;
				SWIFT_COMPILATION_MODE = wholemodule;
			};
			name = Release;
		};
		1A8888888888888888880003 /* Debug */ = {
			isa = XCBuildConfiguration;
			buildSettings = {
				ASSETCATALOG_COMPILER_GENERATE_ASSET_SYMBOLS = NO;
				SDKROOT = iphoneos;
				SUPPORTED_PLATFORMS = "iphoneos iphonesimulator";
				CODE_SIGNING_ALLOWED = NO;
				CODE_SIGNING_REQUIRED = NO;
				CODE_SIGN_IDENTITY = "";
				CODE_SIGN_STYLE = Automatic;
				CURRENT_PROJECT_VERSION = 1;
				ENABLE_USER_SCRIPT_SANDBOXING = YES;
				GENERATE_INFOPLIST_FILE = YES;
				INFOPLIST_KEY_NSCameraUsageDescription = "데모에서 사진을 촬영하기 위해 카메라 권한이 필요합니다.";
				INFOPLIST_KEY_NSPhotoLibraryUsageDescription = "데모에서 사진을 선택하기 위해 사진 접근 권한이 필요합니다.";
				INFOPLIST_KEY_UIApplicationSupportsIndirectInputEvents = YES;
				INFOPLIST_KEY_UILaunchScreen_Generation = YES;
				INFOPLIST_KEY_UISupportedInterfaceOrientations = UIInterfaceOrientationPortrait;
				IPHONEOS_DEPLOYMENT_TARGET = 14.0;
				LD_RUNPATH_SEARCH_PATHS = (
					"$(inherited)",
					"@executable_path/Frameworks",
				);
				MARKETING_VERSION = 1.0;
				PRODUCT_BUNDLE_IDENTIFIER = com.heimageeditor.demo;
				PRODUCT_NAME = "$(TARGET_NAME)";
				SWIFT_EMIT_LOC_STRINGS = YES;
				SWIFT_VERSION = 5.0;
				TARGETED_DEVICE_FAMILY = "1,2";
			};
			name = Debug;
		};
		1A8888888888888888880004 /* Release */ = {
			isa = XCBuildConfiguration;
			buildSettings = {
				ASSETCATALOG_COMPILER_GENERATE_ASSET_SYMBOLS = NO;
				SDKROOT = iphoneos;
				SUPPORTED_PLATFORMS = "iphoneos iphonesimulator";
				CODE_SIGNING_ALLOWED = NO;
				CODE_SIGNING_REQUIRED = NO;
				CODE_SIGN_IDENTITY = "";
				CODE_SIGN_STYLE = Automatic;
				CURRENT_PROJECT_VERSION = 1;
				ENABLE_USER_SCRIPT_SANDBOXING = YES;
				GENERATE_INFOPLIST_FILE = YES;
				INFOPLIST_KEY_NSCameraUsageDescription = "데모에서 사진을 촬영하기 위해 카메라 권한이 필요합니다.";
				INFOPLIST_KEY_NSPhotoLibraryUsageDescription = "데모에서 사진을 선택하기 위해 사진 접근 권한이 필요합니다.";
				INFOPLIST_KEY_UIApplicationSupportsIndirectInputEvents = YES;
				INFOPLIST_KEY_UILaunchScreen_Generation = YES;
				INFOPLIST_KEY_UISupportedInterfaceOrientations = UIInterfaceOrientationPortrait;
				IPHONEOS_DEPLOYMENT_TARGET = 14.0;
				LD_RUNPATH_SEARCH_PATHS = (
					"$(inherited)",
					"@executable_path/Frameworks",
				);
				MARKETING_VERSION = 1.0;
				PRODUCT_BUNDLE_IDENTIFIER = com.heimageeditor.demo;
				PRODUCT_NAME = "$(TARGET_NAME)";
				SWIFT_EMIT_LOC_STRINGS = YES;
				SWIFT_VERSION = 5.0;
				TARGETED_DEVICE_FAMILY = "1,2";
			};
			name = Release;
		};
/* End XCBuildConfiguration section */

/* Begin XCConfigurationList section */
		1A7777777777777777770001 /* Build configuration list for PBXProject "HEImageEditorDemo" */ = {
			isa = XCConfigurationList;
			buildConfigurations = (
				1A8888888888888888880001 /* Debug */,
				1A8888888888888888880002 /* Release */,
			);
			defaultConfigurationIsVisible = 0;
			defaultConfigurationName = Release;
		};
		1A7777777777777777770002 /* Build configuration list for PBXNativeTarget "HEImageEditorDemo" */ = {
			isa = XCConfigurationList;
			buildConfigurations = (
				1A8888888888888888880003 /* Debug */,
				1A8888888888888888880004 /* Release */,
			);
			defaultConfigurationIsVisible = 0;
			defaultConfigurationName = Release;
		};
/* End XCConfigurationList section */

/* Begin XCLocalSwiftPackageReference section */
		1A9999999999999999990001 /* XCLocalSwiftPackageReference "HEImageEditor" */ = {
			isa = XCLocalSwiftPackageReference;
			relativePath = ..;
		};
/* End XCLocalSwiftPackageReference section */

/* Begin XCSwiftPackageProductDependency section */
		1A9999999999999999990002 /* HEImagePackage */ = {
			isa = XCSwiftPackageProductDependency;
			productName = HEImagePackage;
		};
/* End XCSwiftPackageProductDependency section */
	};
	rootObject = 1A5555555555555555550001 /* Project object */;
}
